
Microsoft Visual Studio Solution File, Format Version 12.00
# Visual Studio Version 17
VisualStudioVersion = 17.14.36518.9
MinimumVisualStudioVersion = 10.0.40219.1
Project("{FAE04EC0-301F-11D3-BF4B-00C04F79EFBC}") = "WebhookPagamentos.Core", "WebhookPagamentos.Core\WebhookPagamentos.Core.csproj", "{79C79BD3-4DBD-4CE1-BA10-0C217DC86589}"
EndProject
Project("{FAE04EC0-301F-11D3-BF4B-00C04F79EFBC}") = "WebhookPagamentos.Infrastructure", "WebhookPagamentos.Infrastructure\WebhookPagamentos.Infrastructure.csproj", "{D43D6A48-3B42-4C21-B1E1-F04D2D96B660}"
EndProject
Project("{FAE04EC0-301F-11D3-BF4B-00C04F79EFBC}") = "WebhookPagamentos.Api", "WebhookPagamentos.Api\WebhookPagamentos.Api.csproj", "{D6B80921-E3AE-48D6-B3D2-2AB15A426861}"
EndProject
Global
	GlobalSection(SolutionConfigurationPlatforms) = preSolution
		Debug|Any CPU = Debug|Any CPU
		Release|Any CPU = Release|Any CPU
	EndGlobalSection
	GlobalSection(ProjectConfigurationPlatforms) = postSolution
		{79C79BD3-4DBD-4CE1-BA10-0C217DC86589}.Debug|Any CPU.ActiveCfg = Debug|Any CPU
		{79C79BD3-4DBD-4CE1-BA10-0C217DC86589}.Debug|Any CPU.Build.0 = Debug|Any CPU
		{79C79BD3-4DBD-4CE1-BA10-0C217DC86589}.Release|Any CPU.ActiveCfg = Release|Any CPU
		{79C79BD3-4DBD-4CE1-BA10-0C217DC86589}.Release|Any CPU.Build.0 = Release|Any CPU
		{D43D6A48-3B42-4C21-B1E1-F04D2D96B660}.Debug|Any CPU.ActiveCfg = Debug|Any CPU
		{D43D6A48-3B42-4C21-B1E1-F04D2D96B660}.Debug|Any CPU.Build.0 = Debug|Any CPU
		{D43D6A48-3B42-4C21-B1E1-F04D2D96B660}.Release|Any CPU.ActiveCfg = Release|Any CPU
		{D43D6A48-3B42-4C21-B1E1-F04D2D96B660}.Release|Any CPU.Build.0 = Release|Any CPU
		{D6B80921-E3AE-48D6-B3D2-2AB15A426861}.Debug|Any CPU.ActiveCfg = Debug|Any CPU
		{D6B80921-E3AE-48D6-B3D2-2AB15A426861}.Debug|Any CPU.Build.0 = Debug|Any CPU
		{D6B80921-E3AE-48D6-B3D2-2AB15A426861}.Release|Any CPU.ActiveCfg = Release|Any CPU
		{D6B80921-E3AE-48D6-B3D2-2AB15A426861}.Release|Any CPU.Build.0 = Release|Any CPU
	EndGlobalSection
	GlobalSection(SolutionProperties) = preSolution
		HideSolutionNode = FALSE
	EndGlobalSection
	GlobalSection(ExtensibilityGlobals) = postSolution
		SolutionGuid = {7CFEA826-B4EF-4FDC-B5FE-166732178F85}
	EndGlobalSection
EndGlobal
